
Microsoft Visual Studio Solution File, Format Version 12.00
# Visual Studio Version 16
VisualStudioVersion = 16.0.30621.155
MinimumVisualStudioVersion = 10.0.40219.1
Project("{9A19103F-16F7-4668-BE54-9A1E7A4F7556}") = "DevIO.Business", "src\DevIO.Business\DevIO.Business.csproj", "{165C4E8C-85DE-4F8B-A434-5896093D63DF}"
EndProject
Project("{9A19103F-16F7-4668-BE54-9A1E7A4F7556}") = "DevIO.Data", "src\DevIO.Data\DevIO.Data.csproj", "{FD6A7B18-D988-499D-A02B-3D168DBC6B15}"
EndProject
Project("{FAE04EC0-301F-11D3-BF4B-00C04F79EFBC}") = "DevIO.Api", "src\DevIO.Api\DevIO.Api.csproj", "{81E29780-4338-412C-AE54-B5E4C58BEC61}"
EndProject
Global
	GlobalSection(SolutionConfigurationPlatforms) = preSolution
		Debug|Any CPU = Debug|Any CPU
		Release|Any CPU = Release|Any CPU
	EndGlobalSection
	GlobalSection(ProjectConfigurationPlatforms) = postSolution
		{165C4E8C-85DE-4F8B-A434-5896093D63DF}.Debug|Any CPU.ActiveCfg = Debug|Any CPU
		{165C4E8C-85DE-4F8B-A434-5896093D63DF}.Debug|Any CPU.Build.0 = Debug|Any CPU
		{165C4E8C-85DE-4F8B-A434-5896093D63DF}.Release|Any CPU.ActiveCfg = Release|Any CPU
		{165C4E8C-85DE-4F8B-A434-5896093D63DF}.Release|Any CPU.Build.0 = Release|Any CPU
		{FD6A7B18-D988-499D-A02B-3D168DBC6B15}.Debug|Any CPU.ActiveCfg = Debug|Any CPU
		{FD6A7B18-D988-499D-A02B-3D168DBC6B15}.Debug|Any CPU.Build.0 = Debug|Any CPU
		{FD6A7B18-D988-499D-A02B-3D168DBC6B15}.Release|Any CPU.ActiveCfg = Release|Any CPU
		{FD6A7B18-D988-499D-A02B-3D168DBC6B15}.Release|Any CPU.Build.0 = Release|Any CPU
		{81E29780-4338-412C-AE54-B5E4C58BEC61}.Debug|Any CPU.ActiveCfg = Debug|Any CPU
		{81E29780-4338-412C-AE54-B5E4C58BEC61}.Debug|Any CPU.Build.0 = Debug|Any CPU
		{81E29780-4338-412C-AE54-B5E4C58BEC61}.Release|Any CPU.ActiveCfg = Release|Any CPU
		{81E29780-4338-412C-AE54-B5E4C58BEC61}.Release|Any CPU.Build.0 = Release|Any CPU
	EndGlobalSection
	GlobalSection(SolutionProperties) = preSolution
		HideSolutionNode = FALSE
	EndGlobalSection
	GlobalSection(ExtensibilityGlobals) = postSolution
		SolutionGuid = {EDCFA747-4177-4270-B40A-8F83155DEAD7}
	EndGlobalSection
EndGlobal
